// !$*UTF8*$!
{
	archiveVersion = 1;
	classes = {
	};
	objectVersion = 50;
	objects = {

/* Begin PBXBuildFile section */
		666DE7B02228636500DF333B /* main.swift in Sources */ = {isa = PBXBuildFile; fileRef = 666DE7AF2228636500DF333B /* main.swift */; };
		666DE7B7222863F300DF333B /* SlideShowProblem.swift in Sources */ = {isa = PBXBuildFile; fileRef = 666DE7B6222863F300DF333B /* SlideShowProblem.swift */; };
		666DE7B92228654700DF333B /* Photo.swift in Sources */ = {isa = PBXBuildFile; fileRef = 666DE7B82228654700DF333B /* Photo.swift */; };
		666DE7BB222868AF00DF333B /* DirectSolver.swift in Sources */ = {isa = PBXBuildFile; fileRef = 666DE7BA222868AF00DF333B /* DirectSolver.swift */; };
		666DE7BD2228692600DF333B /* Slideshow.swift in Sources */ = {isa = PBXBuildFile; fileRef = 666DE7BC2228692600DF333B /* Slideshow.swift */; };
		666DE7BF2228699D00DF333B /* Slide.swift in Sources */ = {isa = PBXBuildFile; fileRef = 666DE7BE2228699D00DF333B /* Slide.swift */; };
		666DE7C12228737500DF333B /* SearchSolver.swift in Sources */ = {isa = PBXBuildFile; fileRef = 666DE7C02228737500DF333B /* SearchSolver.swift */; };
		66C946E9222C031100E0CA25 /* VerticalStrategy.swift in Sources */ = {isa = PBXBuildFile; fileRef = 66C946E8222C031100E0CA25 /* VerticalStrategy.swift */; };
		66C946EB222C03B300E0CA25 /* DefaultVerticalStrategy.swift in Sources */ = {isa = PBXBuildFile; fileRef = 66C946EA222C03B300E0CA25 /* DefaultVerticalStrategy.swift */; };
		66C946ED222C055600E0CA25 /* VerticalStrategyFactory.swift in Sources */ = {isa = PBXBuildFile; fileRef = 66C946EC222C055600E0CA25 /* VerticalStrategyFactory.swift */; };
		66C946EF222C13EA00E0CA25 /* DisjointVerticalStrategy.swift in Sources */ = {isa = PBXBuildFile; fileRef = 66C946EE222C13EA00E0CA25 /* DisjointVerticalStrategy.swift */; };
		66C946F1222C17D200E0CA25 /* SearchSlideStrategy.swift in Sources */ = {isa = PBXBuildFile; fileRef = 66C946F0222C17D200E0CA25 /* SearchSlideStrategy.swift */; };
		66CDB4D2222AF996007ACD4C /* SearchSetSolver.swift in Sources */ = {isa = PBXBuildFile; fileRef = 66CDB4D1222AF996007ACD4C /* SearchSetSolver.swift */; };
		66CDB4D4222B181C007ACD4C /* StrategySolver.swift in Sources */ = {isa = PBXBuildFile; fileRef = 66CDB4D3222B181C007ACD4C /* StrategySolver.swift */; };
		66CDB4D6222B19E4007ACD4C /* SlideStrategy.swift in Sources */ = {isa = PBXBuildFile; fileRef = 66CDB4D5222B19E4007ACD4C /* SlideStrategy.swift */; };
		66CDB4D8222B1AB2007ACD4C /* DefaultSlideStrategy.swift in Sources */ = {isa = PBXBuildFile; fileRef = 66CDB4D7222B1AB2007ACD4C /* DefaultSlideStrategy.swift */; };
		66CDB4DA222B1BD0007ACD4C /* SlideStrategyFactory.swift in Sources */ = {isa = PBXBuildFile; fileRef = 66CDB4D9222B1BD0007ACD4C /* SlideStrategyFactory.swift */; };
/* End PBXBuildFile section */

/* Begin PBXCopyFilesBuildPhase section */
		666DE7AA2228636500DF333B /* CopyFiles */ = {
			isa = PBXCopyFilesBuildPhase;
			buildActionMask = 2147483647;
			dstPath = /usr/share/man/man1/;
			dstSubfolderSpec = 0;
			files = (
			);
			runOnlyForDeploymentPostprocessing = 1;
		};
/* End PBXCopyFilesBuildPhase section */

/* Begin PBXFileReference section */
		666DE7AC2228636500DF333B /* SlideShow */ = {isa = PBXFileReference; explicitFileType = "compiled.mach-o.executable"; includeInIndex = 0; path = SlideShow; sourceTree = BUILT_PRODUCTS_DIR; };
		666DE7AF2228636500DF333B /* main.swift */ = {isa = PBXFileReference; lastKnownFileType = sourcecode.swift; path = main.swift; sourceTree = "<group>"; };
		666DE7B6222863F300DF333B /* SlideShowProblem.swift */ = {isa = PBXFileReference; lastKnownFileType = sourcecode.swift; path = SlideShowProblem.swift; sourceTree = "<group>"; };
		666DE7B82228654700DF333B /* Photo.swift */ = {isa = PBXFileReference; lastKnownFileType = sourcecode.swift; path = Photo.swift; sourceTree = "<group>"; };
		666DE7BA222868AF00DF333B /* DirectSolver.swift */ = {isa = PBXFileReference; lastKnownFileType = sourcecode.swift; path = DirectSolver.swift; sourceTree = "<group>"; };
		666DE7BC2228692600DF333B /* Slideshow.swift */ = {isa = PBXFileReference; lastKnownFileType = sourcecode.swift; path = Slideshow.swift; sourceTree = "<group>"; };
		666DE7BE2228699D00DF333B /* Slide.swift */ = {isa = PBXFileReference; lastKnownFileType = sourcecode.swift; path = Slide.swift; sourceTree = "<group>"; };
		666DE7C02228737500DF333B /* SearchSolver.swift */ = {isa = PBXFileReference; fileEncoding = 4; lastKnownFileType = sourcecode.swift; path = SearchSolver.swift; sourceTree = "<group>"; };
		66C946E8222C031100E0CA25 /* VerticalStrategy.swift */ = {isa = PBXFileReference; lastKnownFileType = sourcecode.swift; path = VerticalStrategy.swift; sourceTree = "<group>"; };
		66C946EA222C03B300E0CA25 /* DefaultVerticalStrategy.swift */ = {isa = PBXFileReference; lastKnownFileType = sourcecode.swift; path = DefaultVerticalStrategy.swift; sourceTree = "<group>"; };
		66C946EC222C055600E0CA25 /* VerticalStrategyFactory.swift */ = {isa = PBXFileReference; lastKnownFileType = sourcecode.swift; path = VerticalStrategyFactory.swift; sourceTree = "<group>"; };
		66C946EE222C13EA00E0CA25 /* DisjointVerticalStrategy.swift */ = {isa = PBXFileReference; fileEncoding = 4; lastKnownFileType = sourcecode.swift; path = DisjointVerticalStrategy.swift; sourceTree = "<group>"; };
		66C946F0222C17D200E0CA25 /* SearchSlideStrategy.swift */ = {isa = PBXFileReference; fileEncoding = 4; lastKnownFileType = sourcecode.swift; path = SearchSlideStrategy.swift; sourceTree = "<group>"; };
		66CDB4D1222AF996007ACD4C /* SearchSetSolver.swift */ = {isa = PBXFileReference; fileEncoding = 4; lastKnownFileType = sourcecode.swift; path = SearchSetSolver.swift; sourceTree = "<group>"; };
		66CDB4D3222B181C007ACD4C /* StrategySolver.swift */ = {isa = PBXFileReference; fileEncoding = 4; lastKnownFileType = sourcecode.swift; path = StrategySolver.swift; sourceTree = "<group>"; };
		66CDB4D5222B19E4007ACD4C /* SlideStrategy.swift */ = {isa = PBXFileReference; lastKnownFileType = sourcecode.swift; path = SlideStrategy.swift; sourceTree = "<group>"; };
		66CDB4D7222B1AB2007ACD4C /* DefaultSlideStrategy.swift */ = {isa = PBXFileReference; lastKnownFileType = sourcecode.swift; path = DefaultSlideStrategy.swift; sourceTree = "<group>"; };
		66CDB4D9222B1BD0007ACD4C /* SlideStrategyFactory.swift */ = {isa = PBXFileReference; lastKnownFileType = sourcecode.swift; path = SlideStrategyFactory.swift; sourceTree = "<group>"; };
/* End PBXFileReference section */

/* Begin PBXFrameworksBuildPhase section */
		666DE7A92228636500DF333B /* Frameworks */ = {
			isa = PBXFrameworksBuildPhase;
			buildActionMask = 2147483647;
			files = (
			);
			runOnlyForDeploymentPostprocessing = 0;
		};
/* End PBXFrameworksBuildPhase section */

/* Begin PBXGroup section */
		666DE7A32228636500DF333B = {
			isa = PBXGroup;
			children = (
				666DE7AE2228636500DF333B /* SlideShow */,
				666DE7AD2228636500DF333B /* Products */,
			);
			sourceTree = "<group>";
		};
		666DE7AD2228636500DF333B /* Products */ = {
			isa = PBXGroup;
			children = (
				666DE7AC2228636500DF333B /* SlideShow */,
			);
			name = Products;
			sourceTree = "<group>";
		};
		666DE7AE2228636500DF333B /* SlideShow */ = {
			isa = PBXGroup;
			children = (
				66CDB4D3222B181C007ACD4C /* StrategySolver.swift */,
				66CDB4D1222AF996007ACD4C /* SearchSetSolver.swift */,
				666DE7C02228737500DF333B /* SearchSolver.swift */,
				666DE7AF2228636500DF333B /* main.swift */,
				666DE7B6222863F300DF333B /* SlideShowProblem.swift */,
				666DE7B82228654700DF333B /* Photo.swift */,
				666DE7BA222868AF00DF333B /* DirectSolver.swift */,
				666DE7BC2228692600DF333B /* Slideshow.swift */,
				666DE7BE2228699D00DF333B /* Slide.swift */,
				66CDB4D5222B19E4007ACD4C /* SlideStrategy.swift */,
				66CDB4D7222B1AB2007ACD4C /* DefaultSlideStrategy.swift */,
				66C946F0222C17D200E0CA25 /* SearchSlideStrategy.swift */,
				66CDB4D9222B1BD0007ACD4C /* SlideStrategyFactory.swift */,
				66C946E8222C031100E0CA25 /* VerticalStrategy.swift */,
				66C946EA222C03B300E0CA25 /* DefaultVerticalStrategy.swift */,
				66C946EE222C13EA00E0CA25 /* DisjointVerticalStrategy.swift */,
				66C946EC222C055600E0CA25 /* VerticalStrategyFactory.swift */,
			);
			path = SlideShow;
			sourceTree = "<group>";
		};
/* End PBXGroup section */

/* Begin PBXNativeTarget section */
		666DE7AB2228636500DF333B /* SlideShow */ = {
			isa = PBXNativeTarget;
			buildConfigurationList = 666DE7B32228636500DF333B /* Build configuration list for PBXNativeTarget "SlideShow" */;
			buildPhases = (
				666DE7A82228636500DF333B /* Sources */,
				666DE7A92228636500DF333B /* Frameworks */,
				666DE7AA2228636500DF333B /* CopyFiles */,
			);
			buildRules = (
			);
			dependencies = (
			);
			name = SlideShow;
			productName = SlideShow;
			productReference = 666DE7AC2228636500DF333B /* SlideShow */;
			productType = "com.apple.product-type.tool";
		};
/* End PBXNativeTarget section */

/* Begin PBXProject section */
		666DE7A42228636500DF333B /* Project object */ = {
			isa = PBXProject;
			attributes = {
				LastSwiftUpdateCheck = 1010;
				LastUpgradeCheck = 1010;
				ORGANIZATIONNAME = "Jose Servet Font";
				TargetAttributes = {
					666DE7AB2228636500DF333B = {
						CreatedOnToolsVersion = 10.1;
					};
				};
			};
			buildConfigurationList = 666DE7A72228636500DF333B /* Build configuration list for PBXProject "SlideShow" */;
			compatibilityVersion = "Xcode 9.3";
			developmentRegion = en;
			hasScannedForEncodings = 0;
			knownRegions = (
				en,
			);
			mainGroup = 666DE7A32228636500DF333B;
			productRefGroup = 666DE7AD2228636500DF333B /* Products */;
			projectDirPath = "";
			projectRoot = "";
			targets = (
				666DE7AB2228636500DF333B /* SlideShow */,
			);
		};
/* End PBXProject section */

/* Begin PBXSourcesBuildPhase section */
		666DE7A82228636500DF333B /* Sources */ = {
			isa = PBXSourcesBuildPhase;
			buildActionMask = 2147483647;
			files = (
				66C946EB222C03B300E0CA25 /* DefaultVerticalStrategy.swift in Sources */,
				666DE7B92228654700DF333B /* Photo.swift in Sources */,
				666DE7B7222863F300DF333B /* SlideShowProblem.swift in Sources */,
				66CDB4D6222B19E4007ACD4C /* SlideStrategy.swift in Sources */,
				666DE7B02228636500DF333B /* main.swift in Sources */,
				666DE7BF2228699D00DF333B /* Slide.swift in Sources */,
				66CDB4DA222B1BD0007ACD4C /* SlideStrategyFactory.swift in Sources */,
				66C946F1222C17D200E0CA25 /* SearchSlideStrategy.swift in Sources */,
				666DE7C12228737500DF333B /* SearchSolver.swift in Sources */,
				66C946ED222C055600E0CA25 /* VerticalStrategyFactory.swift in Sources */,
				66C946E9222C031100E0CA25 /* VerticalStrategy.swift in Sources */,
				66C946EF222C13EA00E0CA25 /* DisjointVerticalStrategy.swift in Sources */,
				66CDB4D2222AF996007ACD4C /* SearchSetSolver.swift in Sources */,
				66CDB4D8222B1AB2007ACD4C /* DefaultSlideStrategy.swift in Sources */,
				666DE7BD2228692600DF333B /* Slideshow.swift in Sources */,
				66CDB4D4222B181C007ACD4C /* StrategySolver.swift in Sources */,
				666DE7BB222868AF00DF333B /* DirectSolver.swift in Sources */,
			);
			runOnlyForDeploymentPostprocessing = 0;
		};
/* End PBXSourcesBuildPhase section */

/* Begin XCBuildConfiguration section */
		666DE7B12228636500DF333B /* Debug */ = {
			isa = XCBuildConfiguration;
			buildSettings = {
				ALWAYS_SEARCH_USER_PATHS = NO;
				CLANG_ANALYZER_NONNULL = YES;
				CLANG_ANALYZER_NUMBER_OBJECT_CONVERSION = YES_AGGRESSIVE;
				CLANG_CXX_LANGUAGE_STANDARD = "gnu++14";
				CLANG_CXX_LIBRARY = "libc++";
				CLANG_ENABLE_MODULES = YES;
				CLANG_ENABLE_OBJC_ARC = YES;
				CLANG_ENABLE_OBJC_WEAK = YES;
				CLANG_WARN_BLOCK_CAPTURE_AUTORELEASING = YES;
				CLANG_WARN_BOOL_CONVERSION = YES;
				CLANG_WARN_COMMA = YES;
				CLANG_WARN_CONSTANT_CONVERSION = YES;
				CLANG_WARN_DEPRECATED_OBJC_IMPLEMENTATIONS = YES;
				CLANG_WARN_DIRECT_OBJC_ISA_USAGE = YES_ERROR;
				CLANG_WARN_DOCUMENTATION_COMMENTS = YES;
				CLANG_WARN_EMPTY_BODY = YES;
				CLANG_WARN_ENUM_CONVERSION = YES;
				CLANG_WARN_INFINITE_RECURSION = YES;
				CLANG_WARN_INT_CONVERSION = YES;
				CLANG_WARN_NON_LITERAL_NULL_CONVERSION = YES;
				CLANG_WARN_OBJC_IMPLICIT_RETAIN_SELF = YES;
				CLANG_WARN_OBJC_LITERAL_CONVERSION = YES;
				CLANG_WARN_OBJC_ROOT_CLASS = YES_ERROR;
				CLANG_WARN_RANGE_LOOP_ANALYSIS = YES;
				CLANG_WARN_STRICT_PROTOTYPES = YES;
				CLANG_WARN_SUSPICIOUS_MOVE = YES;
				CLANG_WARN_UNGUARDED_AVAILABILITY = YES_AGGRESSIVE;
				CLANG_WARN_UNREACHABLE_CODE = YES;
				CLANG_WARN__DUPLICATE_METHOD_MATCH = YES;
				CODE_SIGN_IDENTITY = "-";
				COPY_PHASE_STRIP = NO;
				DEBUG_INFORMATION_FORMAT = dwarf;
				ENABLE_STRICT_OBJC_MSGSEND = YES;
				ENABLE_TESTABILITY = YES;
				GCC_C_LANGUAGE_STANDARD = gnu11;
				GCC_DYNAMIC_NO_PIC = NO;
				GCC_NO_COMMON_BLOCKS = YES;
				GCC_OPTIMIZATION_LEVEL = 0;
				GCC_PREPROCESSOR_DEFINITIONS = (
					"DEBUG=1",
					"$(inherited)",
				);
				GCC_WARN_64_TO_32_BIT_CONVERSION = YES;
				GCC_WARN_ABOUT_RETURN_TYPE = YES_ERROR;
				GCC_WARN_UNDECLARED_SELECTOR = YES;
				GCC_WARN_UNINITIALIZED_AUTOS = YES_AGGRESSIVE;
				GCC_WARN_UNUSED_FUNCTION = YES;
				GCC_WARN_UNUSED_VARIABLE = YES;
				MACOSX_DEPLOYMENT_TARGET = 10.14;
				MTL_ENABLE_DEBUG_INFO = INCLUDE_SOURCE;
				MTL_FAST_MATH = YES;
				ONLY_ACTIVE_ARCH = YES;
				SDKROOT = macosx;
				SWIFT_ACTIVE_COMPILATION_CONDITIONS = DEBUG;
				SWIFT_OPTIMIZATION_LEVEL = "-Onone";
			};
			name = Debug;
		};
		666DE7B22228636500DF333B /* Release */ = {
			isa = XCBuildConfiguration;
			buildSettings = {
				ALWAYS_SEARCH_USER_PATHS = NO;
				CLANG_ANALYZER_NONNULL = YES;
				CLANG_ANALYZER_NUMBER_OBJECT_CONVERSION = YES_AGGRESSIVE;
				CLANG_CXX_LANGUAGE_STANDARD = "gnu++14";
				CLANG_CXX_LIBRARY = "libc++";
				CLANG_ENABLE_MODULES = YES;
				CLANG_ENABLE_OBJC_ARC = YES;
				CLANG_ENABLE_OBJC_WEAK = YES;
				CLANG_WARN_BLOCK_CAPTURE_AUTORELEASING = YES;
				CLANG_WARN_BOOL_CONVERSION = YES;
				CLANG_WARN_COMMA = YES;
				CLANG_WARN_CONSTANT_CONVERSION = YES;
				CLANG_WARN_DEPRECATED_OBJC_IMPLEMENTATIONS = YES;
				CLANG_WARN_DIRECT_OBJC_ISA_USAGE = YES_ERROR;
				CLANG_WARN_DOCUMENTATION_COMMENTS = YES;
				CLANG_WARN_EMPTY_BODY = YES;
				CLANG_WARN_ENUM_CONVERSION = YES;
				CLANG_WARN_INFINITE_RECURSION = YES;
				CLANG_WARN_INT_CONVERSION = YES;
				CLANG_WARN_NON_LITERAL_NULL_CONVERSION = YES;
				CLANG_WARN_OBJC_IMPLICIT_RETAIN_SELF = YES;
				CLANG_WARN_OBJC_LITERAL_CONVERSION = YES;
				CLANG_WARN_OBJC_ROOT_CLASS = YES_ERROR;
				CLANG_WARN_RANGE_LOOP_ANALYSIS = YES;
				CLANG_WARN_STRICT_PROTOTYPES = YES;
				CLANG_WARN_SUSPICIOUS_MOVE = YES;
				CLANG_WARN_UNGUARDED_AVAILABILITY = YES_AGGRESSIVE;
				CLANG_WARN_UNREACHABLE_CODE = YES;
				CLANG_WARN__DUPLICATE_METHOD_MATCH = YES;
				CODE_SIGN_IDENTITY = "-";
				COPY_PHASE_STRIP = NO;
				DEBUG_INFORMATION_FORMAT = "dwarf-with-dsym";
				ENABLE_NS_ASSERTIONS = NO;
				ENABLE_STRICT_OBJC_MSGSEND = YES;
				GCC_C_LANGUAGE_STANDARD = gnu11;
				GCC_NO_COMMON_BLOCKS = YES;
				GCC_WARN_64_TO_32_BIT_CONVERSION = YES;
				GCC_WARN_ABOUT_RETURN_TYPE = YES_ERROR;
				GCC_WARN_UNDECLARED_SELECTOR = YES;
				GCC_WARN_UNINITIALIZED_AUTOS = YES_AGGRESSIVE;
				GCC_WARN_UNUSED_FUNCTION = YES;
				GCC_WARN_UNUSED_VARIABLE = YES;
				MACOSX_DEPLOYMENT_TARGET = 10.14;
				MTL_ENABLE_DEBUG_INFO = NO;
				MTL_FAST_MATH = YES;
				SDKROOT = macosx;
				SWIFT_COMPILATION_MODE = wholemodule;
				SWIFT_OPTIMIZATION_LEVEL = "-O";
			};
			name = Release;
		};
		666DE7B42228636500DF333B /* Debug */ = {
			isa = XCBuildConfiguration;
			buildSettings = {
				CODE_SIGN_STYLE = Automatic;
				PRODUCT_NAME = "$(TARGET_NAME)";
				SWIFT_VERSION = 4.2;
			};
			name = Debug;
		};
		666DE7B52228636500DF333B /* Release */ = {
			isa = XCBuildConfiguration;
			buildSettings = {
				CODE_SIGN_STYLE = Automatic;
				PRODUCT_NAME = "$(TARGET_NAME)";
				SWIFT_VERSION = 4.2;
			};
			name = Release;
		};
/* End XCBuildConfiguration section */

/* Begin XCConfigurationList section */
		666DE7A72228636500DF333B /* Build configuration list for PBXProject "SlideShow" */ = {
			isa = XCConfigurationList;
			buildConfigurations = (
				666DE7B12228636500DF333B /* Debug */,
				666DE7B22228636500DF333B /* Release */,
			);
			defaultConfigurationIsVisible = 0;
			defaultConfigurationName = Release;
		};
		666DE7B32228636500DF333B /* Build configuration list for PBXNativeTarget "SlideShow" */ = {
			isa = XCConfigurationList;
			buildConfigurations = (
				666DE7B42228636500DF333B /* Debug */,
				666DE7B52228636500DF333B /* Release */,
			);
			defaultConfigurationIsVisible = 0;
			defaultConfigurationName = Release;
		};
/* End XCConfigurationList section */
	};
	rootObject = 666DE7A42228636500DF333B /* Project object */;
}
